
Microsoft Visual Studio Solution File, Format Version 12.00
# Visual Studio Version 17
VisualStudioVersion = 17.9.34728.123
MinimumVisualStudioVersion = 10.0.40219.1
Project("{8BC9CEB8-8B4A-11D0-8D11-00A0C91BC942}") = "Sandbox", "Sandbox\Sandbox.vcxproj", "{1BAF7AC6-2A09-4634-BFC1-F18DAB84986B}"
EndProject
Project("{8BC9CEB8-8B4A-11D0-8D11-00A0C91BC942}") = "MyHazel", "MyHazel\MyHazel.vcxproj", "{D408ABCA-B0C6-44DD-9033-014E8143CACF}"
EndProject
Global
	GlobalSection(SolutionConfigurationPlatforms) = preSolution
		Debug|x64 = Debug|x64
		Release|x64 = Release|x64
	EndGlobalSection
	GlobalSection(ProjectConfigurationPlatforms) = postSolution
		{D408ABCA-B0C6-44DD-9033-014E8143CACF}.Debug|x64.ActiveCfg = Debug|x64
		{D408ABCA-B0C6-44DD-9033-014E8143CACF}.Debug|x64.Build.0 = Debug|x64
		{D408ABCA-B0C6-44DD-9033-014E8143CACF}.Release|x64.ActiveCfg = Release|x64
		{D408ABCA-B0C6-44DD-9033-014E8143CACF}.Release|x64.Build.0 = Release|x64
		{1BAF7AC6-2A09-4634-BFC1-F18DAB84986B}.Debug|x64.ActiveCfg = Debug|x64
		{1BAF7AC6-2A09-4634-BFC1-F18DAB84986B}.Debug|x64.Build.0 = Debug|x64
		{1BAF7AC6-2A09-4634-BFC1-F18DAB84986B}.Release|x64.ActiveCfg = Release|x64
		{1BAF7AC6-2A09-4634-BFC1-F18DAB84986B}.Release|x64.Build.0 = Release|x64
	EndGlobalSection
	GlobalSection(SolutionProperties) = preSolution
		HideSolutionNode = FALSE
	EndGlobalSection
	GlobalSection(ExtensibilityGlobals) = postSolution
		SolutionGuid = {FA584C11-D0E5-4C2B-AD6E-4B0D8523F94F}
	EndGlobalSection
EndGlobal
